
Microsoft Visual Studio Solution File, Format Version 12.00
# Visual Studio 15
VisualStudioVersion = 15.0.27130.2027
MinimumVisualStudioVersion = 10.0.40219.1
Project("{FAE04EC0-301F-11D3-BF4B-00C04F79EFBC}") = "Toast.Plugin.iOS", "Toast.Plugin.iOS\Toast.Plugin.iOS.csproj", "{D30CBBDE-DD14-4459-AA82-A00B7EE82BA2}"
EndProject
Project("{FAE04EC0-301F-11D3-BF4B-00C04F79EFBC}") = "Toast.Plugin.Android", "Toast.Plugin.Android\Toast.Plugin.Android.csproj", "{AFA4AFBA-C442-4196-B303-D921610A306B}"
EndProject
Project("{9A19103F-16F7-4668-BE54-9A1E7A4F7556}") = "Toast.Plugin", "Toast.Plugins\Toast.Plugin.csproj", "{C1D5DDED-9198-4C03-AF99-A77DB8E04075}"
EndProject
Project("{9A19103F-16F7-4668-BE54-9A1E7A4F7556}") = "Toast.Plugin.Abstractions", "Toast.Plugin.Abstractions\Toast.Plugin.Abstractions.csproj", "{CE75A204-B705-4EBB-8755-6B27E36653E3}"
EndProject
Project("{FAE04EC0-301F-11D3-BF4B-00C04F79EFBC}") = "Toast.Plugin.UWP", "Toast.Plugin.UWP\Toast.Plugin.UWP.csproj", "{CF01A6DD-3DBC-44F1-81A5-092C9448878D}"
EndProject
Project("{2150E333-8FDC-42A3-9474-1A3956D46DE8}") = "Sample", "Sample", "{52CA91A9-047C-41EB-B22B-5BED7A038F47}"
EndProject
Project("{9A19103F-16F7-4668-BE54-9A1E7A4F7556}") = "Sample", "Sample\Sample\Sample.csproj", "{98107917-62AD-4EF9-8176-E056758A6C30}"
EndProject
Project("{FAE04EC0-301F-11D3-BF4B-00C04F79EFBC}") = "Sample.Android", "Sample\Sample.Android\Sample.Android.csproj", "{54687E95-6657-4B2C-8EC0-8E1A63697119}"
EndProject
Project("{FAE04EC0-301F-11D3-BF4B-00C04F79EFBC}") = "Sample.iOS", "Sample\Sample.iOS\Sample.iOS.csproj", "{D91990DB-3D8B-4CDF-88E5-3E6DFE5E887C}"
EndProject
Project("{FAE04EC0-301F-11D3-BF4B-00C04F79EFBC}") = "Sample.UWP", "Sample\Sample.UWP\Sample.UWP.csproj", "{314B8998-D739-43EB-BA30-CA7122EA04B1}"
EndProject
Project("{2150E333-8FDC-42A3-9474-1A3956D46DE8}") = "Solution Items", "Solution Items", "{E99AD815-D1E9-406E-AA44-A4473142E6E4}"
	ProjectSection(SolutionItems) = preProject
		LICENSE.txt = LICENSE.txt
	EndProjectSection
EndProject
Global
	GlobalSection(SolutionConfigurationPlatforms) = preSolution
		Ad-Hoc|Any CPU = Ad-Hoc|Any CPU
		Ad-Hoc|ARM = Ad-Hoc|ARM
		Ad-Hoc|iPhone = Ad-Hoc|iPhone
		Ad-Hoc|iPhoneSimulator = Ad-Hoc|iPhoneSimulator
		Ad-Hoc|x64 = Ad-Hoc|x64
		Ad-Hoc|x86 = Ad-Hoc|x86
		AppStore|Any CPU = AppStore|Any CPU
		AppStore|ARM = AppStore|ARM
		AppStore|iPhone = AppStore|iPhone
		AppStore|iPhoneSimulator = AppStore|iPhoneSimulator
		AppStore|x64 = AppStore|x64
		AppStore|x86 = AppStore|x86
		Configuration active|Any CPU = Configuration active|Any CPU
		Configuration active|ARM = Configuration active|ARM
		Configuration active|iPhone = Configuration active|iPhone
		Configuration active|iPhoneSimulator = Configuration active|iPhoneSimulator
		Configuration active|x64 = Configuration active|x64
		Configuration active|x86 = Configuration active|x86
		Debug|Any CPU = Debug|Any CPU
		Debug|ARM = Debug|ARM
		Debug|iPhone = Debug|iPhone
		Debug|iPhoneSimulator = Debug|iPhoneSimulator
		Debug|x64 = Debug|x64
		Debug|x86 = Debug|x86
		Release|Any CPU = Release|Any CPU
		Release|ARM = Release|ARM
		Release|iPhone = Release|iPhone
		Release|iPhoneSimulator = Release|iPhoneSimulator
		Release|x64 = Release|x64
		Release|x86 = Release|x86
	EndGlobalSection
	GlobalSection(ProjectConfigurationPlatforms) = postSolution
		{D30CBBDE-DD14-4459-AA82-A00B7EE82BA2}.Ad-Hoc|Any CPU.ActiveCfg = Debug|Any CPU
		{D30CBBDE-DD14-4459-AA82-A00B7EE82BA2}.Ad-Hoc|Any CPU.Build.0 = Debug|Any CPU
		{D30CBBDE-DD14-4459-AA82-A00B7EE82BA2}.Ad-Hoc|ARM.ActiveCfg = Debug|Any CPU
		{D30CBBDE-DD14-4459-AA82-A00B7EE82BA2}.Ad-Hoc|ARM.Build.0 = Debug|Any CPU
		{D30CBBDE-DD14-4459-AA82-A00B7EE82BA2}.Ad-Hoc|iPhone.ActiveCfg = Debug|Any CPU
		{D30CBBDE-DD14-4459-AA82-A00B7EE82BA2}.Ad-Hoc|iPhone.Build.0 = Debug|Any CPU
		{D30CBBDE-DD14-4459-AA82-A00B7EE82BA2}.Ad-Hoc|iPhoneSimulator.ActiveCfg = Debug|Any CPU
		{D30CBBDE-DD14-4459-AA82-A00B7EE82BA2}.Ad-Hoc|iPhoneSimulator.Build.0 = Debug|Any CPU
		{D30CBBDE-DD14-4459-AA82-A00B7EE82BA2}.Ad-Hoc|x64.ActiveCfg = Debug|Any CPU
		{D30CBBDE-DD14-4459-AA82-A00B7EE82BA2}.Ad-Hoc|x64.Build.0 = Debug|Any CPU
		{D30CBBDE-DD14-4459-AA82-A00B7EE82BA2}.Ad-Hoc|x86.ActiveCfg = Debug|Any CPU
		{D30CBBDE-DD14-4459-AA82-A00B7EE82BA2}.Ad-Hoc|x86.Build.0 = Debug|Any CPU
		{D30CBBDE-DD14-4459-AA82-A00B7EE82BA2}.AppStore|Any CPU.ActiveCfg = Debug|Any CPU
		{D30CBBDE-DD14-4459-AA82-A00B7EE82BA2}.AppStore|Any CPU.Build.0 = Debug|Any CPU
		{D30CBBDE-DD14-4459-AA82-A00B7EE82BA2}.AppStore|ARM.ActiveCfg = Debug|Any CPU
		{D30CBBDE-DD14-4459-AA82-A00B7EE82BA2}.AppStore|ARM.Build.0 = Debug|Any CPU
		{D30CBBDE-DD14-4459-AA82-A00B7EE82BA2}.AppStore|iPhone.ActiveCfg = Debug|Any CPU
		{D30CBBDE-DD14-4459-AA82-A00B7EE82BA2}.AppStore|iPhone.Build.0 = Debug|Any CPU
		{D30CBBDE-DD14-4459-AA82-A00B7EE82BA2}.AppStore|iPhoneSimulator.ActiveCfg = Debug|Any CPU
		{D30CBBDE-DD14-4459-AA82-A00B7EE82BA2}.AppStore|iPhoneSimulator.Build.0 = Debug|Any CPU
		{D30CBBDE-DD14-4459-AA82-A00B7EE82BA2}.AppStore|x64.ActiveCfg = Debug|Any CPU
		{D30CBBDE-DD14-4459-AA82-A00B7EE82BA2}.AppStore|x64.Build.0 = Debug|Any CPU
		{D30CBBDE-DD14-4459-AA82-A00B7EE82BA2}.AppStore|x86.ActiveCfg = Debug|Any CPU
		{D30CBBDE-DD14-4459-AA82-A00B7EE82BA2}.AppStore|x86.Build.0 = Debug|Any CPU
		{D30CBBDE-DD14-4459-AA82-A00B7EE82BA2}.Configuration active|Any CPU.ActiveCfg = Release|Any CPU
		{D30CBBDE-DD14-4459-AA82-A00B7EE82BA2}.Configuration active|Any CPU.Build.0 = Release|Any CPU
		{D30CBBDE-DD14-4459-AA82-A00B7EE82BA2}.Configuration active|ARM.ActiveCfg = Configuration active|Any CPU
		{D30CBBDE-DD14-4459-AA82-A00B7EE82BA2}.Configuration active|ARM.Build.0 = Configuration active|Any CPU
		{D30CBBDE-DD14-4459-AA82-A00B7EE82BA2}.Configuration active|iPhone.ActiveCfg = Configuration active|Any CPU
		{D30CBBDE-DD14-4459-AA82-A00B7EE82BA2}.Configuration active|iPhone.Build.0 = Configuration active|Any CPU
		{D30CBBDE-DD14-4459-AA82-A00B7EE82BA2}.Configuration active|iPhoneSimulator.ActiveCfg = Configuration active|Any CPU
		{D30CBBDE-DD14-4459-AA82-A00B7EE82BA2}.Configuration active|iPhoneSimulator.Build.0 = Configuration active|Any CPU
		{D30CBBDE-DD14-4459-AA82-A00B7EE82BA2}.Configuration active|x64.ActiveCfg = Configuration active|Any CPU
		{D30CBBDE-DD14-4459-AA82-A00B7EE82BA2}.Configuration active|x64.Build.0 = Configuration active|Any CPU
		{D30CBBDE-DD14-4459-AA82-A00B7EE82BA2}.Configuration active|x86.ActiveCfg = Configuration active|Any CPU
		{D30CBBDE-DD14-4459-AA82-A00B7EE82BA2}.Configuration active|x86.Build.0 = Configuration active|Any CPU
		{D30CBBDE-DD14-4459-AA82-A00B7EE82BA2}.Debug|Any CPU.ActiveCfg = Debug|Any CPU
		{D30CBBDE-DD14-4459-AA82-A00B7EE82BA2}.Debug|Any CPU.Build.0 = Debug|Any CPU
		{D30CBBDE-DD14-4459-AA82-A00B7EE82BA2}.Debug|ARM.ActiveCfg = Debug|Any CPU
		{D30CBBDE-DD14-4459-AA82-A00B7EE82BA2}.Debug|ARM.Build.0 = Debug|Any CPU
		{D30CBBDE-DD14-4459-AA82-A00B7EE82BA2}.Debug|iPhone.ActiveCfg = Debug|Any CPU
		{D30CBBDE-DD14-4459-AA82-A00B7EE82BA2}.Debug|iPhone.Build.0 = Debug|Any CPU
		{D30CBBDE-DD14-4459-AA82-A00B7EE82BA2}.Debug|iPhoneSimulator.ActiveCfg = Debug|Any CPU
		{D30CBBDE-DD14-4459-AA82-A00B7EE82BA2}.Debug|iPhoneSimulator.Build.0 = Debug|Any CPU
		{D30CBBDE-DD14-4459-AA82-A00B7EE82BA2}.Debug|x64.ActiveCfg = Debug|Any CPU
		{D30CBBDE-DD14-4459-AA82-A00B7EE82BA2}.Debug|x64.Build.0 = Debug|Any CPU
		{D30CBBDE-DD14-4459-AA82-A00B7EE82BA2}.Debug|x86.ActiveCfg = Debug|Any CPU
		{D30CBBDE-DD14-4459-AA82-A00B7EE82BA2}.Debug|x86.Build.0 = Debug|Any CPU
		{D30CBBDE-DD14-4459-AA82-A00B7EE82BA2}.Release|Any CPU.ActiveCfg = Release|Any CPU
		{D30CBBDE-DD14-4459-AA82-A00B7EE82BA2}.Release|Any CPU.Build.0 = Release|Any CPU
		{D30CBBDE-DD14-4459-AA82-A00B7EE82BA2}.Release|ARM.ActiveCfg = Release|Any CPU
		{D30CBBDE-DD14-4459-AA82-A00B7EE82BA2}.Release|ARM.Build.0 = Release|Any CPU
		{D30CBBDE-DD14-4459-AA82-A00B7EE82BA2}.Release|iPhone.ActiveCfg = Release|Any CPU
		{D30CBBDE-DD14-4459-AA82-A00B7EE82BA2}.Release|iPhone.Build.0 = Release|Any CPU
		{D30CBBDE-DD14-4459-AA82-A00B7EE82BA2}.Release|iPhoneSimulator.ActiveCfg = Release|Any CPU
		{D30CBBDE-DD14-4459-AA82-A00B7EE82BA2}.Release|iPhoneSimulator.Build.0 = Release|Any CPU
		{D30CBBDE-DD14-4459-AA82-A00B7EE82BA2}.Release|x64.ActiveCfg = Release|Any CPU
		{D30CBBDE-DD14-4459-AA82-A00B7EE82BA2}.Release|x64.Build.0 = Release|Any CPU
		{D30CBBDE-DD14-4459-AA82-A00B7EE82BA2}.Release|x86.ActiveCfg = Release|Any CPU
		{D30CBBDE-DD14-4459-AA82-A00B7EE82BA2}.Release|x86.Build.0 = Release|Any CPU
		{AFA4AFBA-C442-4196-B303-D921610A306B}.Ad-Hoc|Any CPU.ActiveCfg = Debug|Any CPU
		{AFA4AFBA-C442-4196-B303-D921610A306B}.Ad-Hoc|Any CPU.Build.0 = Debug|Any CPU
		{AFA4AFBA-C442-4196-B303-D921610A306B}.Ad-Hoc|ARM.ActiveCfg = Debug|Any CPU
		{AFA4AFBA-C442-4196-B303-D921610A306B}.Ad-Hoc|ARM.Build.0 = Debug|Any CPU
		{AFA4AFBA-C442-4196-B303-D921610A306B}.Ad-Hoc|iPhone.ActiveCfg = Debug|Any CPU
		{AFA4AFBA-C442-4196-B303-D921610A306B}.Ad-Hoc|iPhone.Build.0 = Debug|Any CPU
		{AFA4AFBA-C442-4196-B303-D921610A306B}.Ad-Hoc|iPhoneSimulator.ActiveCfg = Debug|Any CPU
		{AFA4AFBA-C442-4196-B303-D921610A306B}.Ad-Hoc|iPhoneSimulator.Build.0 = Debug|Any CPU
		{AFA4AFBA-C442-4196-B303-D921610A306B}.Ad-Hoc|x64.ActiveCfg = Debug|Any CPU
		{AFA4AFBA-C442-4196-B303-D921610A306B}.Ad-Hoc|x64.Build.0 = Debug|Any CPU
		{AFA4AFBA-C442-4196-B303-D921610A306B}.Ad-Hoc|x86.ActiveCfg = Debug|Any CPU
		{AFA4AFBA-C442-4196-B303-D921610A306B}.Ad-Hoc|x86.Build.0 = Debug|Any CPU
		{AFA4AFBA-C442-4196-B303-D921610A306B}.AppStore|Any CPU.ActiveCfg = Debug|Any CPU
		{AFA4AFBA-C442-4196-B303-D921610A306B}.AppStore|Any CPU.Build.0 = Debug|Any CPU
		{AFA4AFBA-C442-4196-B303-D921610A306B}.AppStore|ARM.ActiveCfg = Debug|Any CPU
		{AFA4AFBA-C442-4196-B303-D921610A306B}.AppStore|ARM.Build.0 = Debug|Any CPU
		{AFA4AFBA-C442-4196-B303-D921610A306B}.AppStore|iPhone.ActiveCfg = Debug|Any CPU
		{AFA4AFBA-C442-4196-B303-D921610A306B}.AppStore|iPhone.Build.0 = Debug|Any CPU
		{AFA4AFBA-C442-4196-B303-D921610A306B}.AppStore|iPhoneSimulator.ActiveCfg = Debug|Any CPU
		{AFA4AFBA-C442-4196-B303-D921610A306B}.AppStore|iPhoneSimulator.Build.0 = Debug|Any CPU
		{AFA4AFBA-C442-4196-B303-D921610A306B}.AppStore|x64.ActiveCfg = Debug|Any CPU
		{AFA4AFBA-C442-4196-B303-D921610A306B}.AppStore|x64.Build.0 = Debug|Any CPU
		{AFA4AFBA-C442-4196-B303-D921610A306B}.AppStore|x86.ActiveCfg = Debug|Any CPU
		{AFA4AFBA-C442-4196-B303-D921610A306B}.AppStore|x86.Build.0 = Debug|Any CPU
		{AFA4AFBA-C442-4196-B303-D921610A306B}.Configuration active|Any CPU.ActiveCfg = Release|Any CPU
		{AFA4AFBA-C442-4196-B303-D921610A306B}.Configuration active|Any CPU.Build.0 = Release|Any CPU
		{AFA4AFBA-C442-4196-B303-D921610A306B}.Configuration active|ARM.ActiveCfg = Configuration active|Any CPU
		{AFA4AFBA-C442-4196-B303-D921610A306B}.Configuration active|ARM.Build.0 = Configuration active|Any CPU
		{AFA4AFBA-C442-4196-B303-D921610A306B}.Configuration active|iPhone.ActiveCfg = Configuration active|Any CPU
		{AFA4AFBA-C442-4196-B303-D921610A306B}.Configuration active|iPhone.Build.0 = Configuration active|Any CPU
		{AFA4AFBA-C442-4196-B303-D921610A306B}.Configuration active|iPhoneSimulator.ActiveCfg = Configuration active|Any CPU
		{AFA4AFBA-C442-4196-B303-D921610A306B}.Configuration active|iPhoneSimulator.Build.0 = Configuration active|Any CPU
		{AFA4AFBA-C442-4196-B303-D921610A306B}.Configuration active|x64.ActiveCfg = Configuration active|Any CPU
		{AFA4AFBA-C442-4196-B303-D921610A306B}.Configuration active|x64.Build.0 = Configuration active|Any CPU
		{AFA4AFBA-C442-4196-B303-D921610A306B}.Configuration active|x86.ActiveCfg = Configuration active|Any CPU
		{AFA4AFBA-C442-4196-B303-D921610A306B}.Configuration active|x86.Build.0 = Configuration active|Any CPU
		{AFA4AFBA-C442-4196-B303-D921610A306B}.Debug|Any CPU.ActiveCfg = Debug|Any CPU
		{AFA4AFBA-C442-4196-B303-D921610A306B}.Debug|Any CPU.Build.0 = Debug|Any CPU
		{AFA4AFBA-C442-4196-B303-D921610A306B}.Debug|ARM.ActiveCfg = Debug|Any CPU
		{AFA4AFBA-C442-4196-B303-D921610A306B}.Debug|ARM.Build.0 = Debug|Any CPU
		{AFA4AFBA-C442-4196-B303-D921610A306B}.Debug|iPhone.ActiveCfg = Debug|Any CPU
		{AFA4AFBA-C442-4196-B303-D921610A306B}.Debug|iPhone.Build.0 = Debug|Any CPU
		{AFA4AFBA-C442-4196-B303-D921610A306B}.Debug|iPhoneSimulator.ActiveCfg = Debug|Any CPU
		{AFA4AFBA-C442-4196-B303-D921610A306B}.Debug|iPhoneSimulator.Build.0 = Debug|Any CPU
		{AFA4AFBA-C442-4196-B303-D921610A306B}.Debug|x64.ActiveCfg = Debug|Any CPU
		{AFA4AFBA-C442-4196-B303-D921610A306B}.Debug|x64.Build.0 = Debug|Any CPU
		{AFA4AFBA-C442-4196-B303-D921610A306B}.Debug|x86.ActiveCfg = Debug|Any CPU
		{AFA4AFBA-C442-4196-B303-D921610A306B}.Debug|x86.Build.0 = Debug|Any CPU
		{AFA4AFBA-C442-4196-B303-D921610A306B}.Release|Any CPU.ActiveCfg = Release|Any CPU
		{AFA4AFBA-C442-4196-B303-D921610A306B}.Release|Any CPU.Build.0 = Release|Any CPU
		{AFA4AFBA-C442-4196-B303-D921610A306B}.Release|ARM.ActiveCfg = Release|Any CPU
		{AFA4AFBA-C442-4196-B303-D921610A306B}.Release|ARM.Build.0 = Release|Any CPU
		{AFA4AFBA-C442-4196-B303-D921610A306B}.Release|iPhone.ActiveCfg = Release|Any CPU
		{AFA4AFBA-C442-4196-B303-D921610A306B}.Release|iPhone.Build.0 = Release|Any CPU
		{AFA4AFBA-C442-4196-B303-D921610A306B}.Release|iPhoneSimulator.ActiveCfg = Release|Any CPU
		{AFA4AFBA-C442-4196-B303-D921610A306B}.Release|iPhoneSimulator.Build.0 = Release|Any CPU
		{AFA4AFBA-C442-4196-B303-D921610A306B}.Release|x64.ActiveCfg = Release|Any CPU
		{AFA4AFBA-C442-4196-B303-D921610A306B}.Release|x64.Build.0 = Release|Any CPU
		{AFA4AFBA-C442-4196-B303-D921610A306B}.Release|x86.ActiveCfg = Release|Any CPU
		{AFA4AFBA-C442-4196-B303-D921610A306B}.Release|x86.Build.0 = Release|Any CPU
		{C1D5DDED-9198-4C03-AF99-A77DB8E04075}.Ad-Hoc|Any CPU.ActiveCfg = Debug|Any CPU
		{C1D5DDED-9198-4C03-AF99-A77DB8E04075}.Ad-Hoc|Any CPU.Build.0 = Debug|Any CPU
		{C1D5DDED-9198-4C03-AF99-A77DB8E04075}.Ad-Hoc|ARM.ActiveCfg = Debug|Any CPU
		{C1D5DDED-9198-4C03-AF99-A77DB8E04075}.Ad-Hoc|ARM.Build.0 = Debug|Any CPU
		{C1D5DDED-9198-4C03-AF99-A77DB8E04075}.Ad-Hoc|iPhone.ActiveCfg = Debug|Any CPU
		{C1D5DDED-9198-4C03-AF99-A77DB8E04075}.Ad-Hoc|iPhone.Build.0 = Debug|Any CPU
		{C1D5DDED-9198-4C03-AF99-A77DB8E04075}.Ad-Hoc|iPhoneSimulator.ActiveCfg = Debug|Any CPU
		{C1D5DDED-9198-4C03-AF99-A77DB8E04075}.Ad-Hoc|iPhoneSimulator.Build.0 = Debug|Any CPU
		{C1D5DDED-9198-4C03-AF99-A77DB8E04075}.Ad-Hoc|x64.ActiveCfg = Debug|Any CPU
		{C1D5DDED-9198-4C03-AF99-A77DB8E04075}.Ad-Hoc|x64.Build.0 = Debug|Any CPU
		{C1D5DDED-9198-4C03-AF99-A77DB8E04075}.Ad-Hoc|x86.ActiveCfg = Debug|Any CPU
		{C1D5DDED-9198-4C03-AF99-A77DB8E04075}.Ad-Hoc|x86.Build.0 = Debug|Any CPU
		{C1D5DDED-9198-4C03-AF99-A77DB8E04075}.AppStore|Any CPU.ActiveCfg = Debug|Any CPU
		{C1D5DDED-9198-4C03-AF99-A77DB8E04075}.AppStore|Any CPU.Build.0 = Debug|Any CPU
		{C1D5DDED-9198-4C03-AF99-A77DB8E04075}.AppStore|ARM.ActiveCfg = Debug|Any CPU
		{C1D5DDED-9198-4C03-AF99-A77DB8E04075}.AppStore|ARM.Build.0 = Debug|Any CPU
		{C1D5DDED-9198-4C03-AF99-A77DB8E04075}.AppStore|iPhone.ActiveCfg = Debug|Any CPU
		{C1D5DDED-9198-4C03-AF99-A77DB8E04075}.AppStore|iPhone.Build.0 = Debug|Any CPU
		{C1D5DDED-9198-4C03-AF99-A77DB8E04075}.AppStore|iPhoneSimulator.ActiveCfg = Debug|Any CPU
		{C1D5DDED-9198-4C03-AF99-A77DB8E04075}.AppStore|iPhoneSimulator.Build.0 = Debug|Any CPU
		{C1D5DDED-9198-4C03-AF99-A77DB8E04075}.AppStore|x64.ActiveCfg = Debug|Any CPU
		{C1D5DDED-9198-4C03-AF99-A77DB8E04075}.AppStore|x64.Build.0 = Debug|Any CPU
		{C1D5DDED-9198-4C03-AF99-A77DB8E04075}.AppStore|x86.ActiveCfg = Debug|Any CPU
		{C1D5DDED-9198-4C03-AF99-A77DB8E04075}.AppStore|x86.Build.0 = Debug|Any CPU
		{C1D5DDED-9198-4C03-AF99-A77DB8E04075}.Configuration active|Any CPU.ActiveCfg = Debug|Any CPU
		{C1D5DDED-9198-4C03-AF99-A77DB8E04075}.Configuration active|Any CPU.Build.0 = Debug|Any CPU
		{C1D5DDED-9198-4C03-AF99-A77DB8E04075}.Configuration active|ARM.ActiveCfg = Debug|Any CPU
		{C1D5DDED-9198-4C03-AF99-A77DB8E04075}.Configuration active|ARM.Build.0 = Debug|Any CPU
		{C1D5DDED-9198-4C03-AF99-A77DB8E04075}.Configuration active|iPhone.ActiveCfg = Debug|Any CPU
		{C1D5DDED-9198-4C03-AF99-A77DB8E04075}.Configuration active|iPhone.Build.0 = Debug|Any CPU
		{C1D5DDED-9198-4C03-AF99-A77DB8E04075}.Configuration active|iPhoneSimulator.ActiveCfg = Debug|Any CPU
		{C1D5DDED-9198-4C03-AF99-A77DB8E04075}.Configuration active|iPhoneSimulator.Build.0 = Debug|Any CPU
		{C1D5DDED-9198-4C03-AF99-A77DB8E04075}.Configuration active|x64.ActiveCfg = Debug|Any CPU
		{C1D5DDED-9198-4C03-AF99-A77DB8E04075}.Configuration active|x64.Build.0 = Debug|Any CPU
		{C1D5DDED-9198-4C03-AF99-A77DB8E04075}.Configuration active|x86.ActiveCfg = Debug|Any CPU
		{C1D5DDED-9198-4C03-AF99-A77DB8E04075}.Configuration active|x86.Build.0 = Debug|Any CPU
		{C1D5DDED-9198-4C03-AF99-A77DB8E04075}.Debug|Any CPU.ActiveCfg = Debug|Any CPU
		{C1D5DDED-9198-4C03-AF99-A77DB8E04075}.Debug|Any CPU.Build.0 = Debug|Any CPU
		{C1D5DDED-9198-4C03-AF99-A77DB8E04075}.Debug|ARM.ActiveCfg = Debug|Any CPU
		{C1D5DDED-9198-4C03-AF99-A77DB8E04075}.Debug|ARM.Build.0 = Debug|Any CPU
		{C1D5DDED-9198-4C03-AF99-A77DB8E04075}.Debug|iPhone.ActiveCfg = Debug|Any CPU
		{C1D5DDED-9198-4C03-AF99-A77DB8E04075}.Debug|iPhone.Build.0 = Debug|Any CPU
		{C1D5DDED-9198-4C03-AF99-A77DB8E04075}.Debug|iPhoneSimulator.ActiveCfg = Debug|Any CPU
		{C1D5DDED-9198-4C03-AF99-A77DB8E04075}.Debug|iPhoneSimulator.Build.0 = Debug|Any CPU
		{C1D5DDED-9198-4C03-AF99-A77DB8E04075}.Debug|x64.ActiveCfg = Debug|Any CPU
		{C1D5DDED-9198-4C03-AF99-A77DB8E04075}.Debug|x64.Build.0 = Debug|Any CPU
		{C1D5DDED-9198-4C03-AF99-A77DB8E04075}.Debug|x86.ActiveCfg = Debug|Any CPU
		{C1D5DDED-9198-4C03-AF99-A77DB8E04075}.Debug|x86.Build.0 = Debug|Any CPU
		{C1D5DDED-9198-4C03-AF99-A77DB8E04075}.Release|Any CPU.ActiveCfg = Release|Any CPU
		{C1D5DDED-9198-4C03-AF99-A77DB8E04075}.Release|Any CPU.Build.0 = Release|Any CPU
		{C1D5DDED-9198-4C03-AF99-A77DB8E04075}.Release|ARM.ActiveCfg = Release|Any CPU
		{C1D5DDED-9198-4C03-AF99-A77DB8E04075}.Release|ARM.Build.0 = Release|Any CPU
		{C1D5DDED-9198-4C03-AF99-A77DB8E04075}.Release|iPhone.ActiveCfg = Release|Any CPU
		{C1D5DDED-9198-4C03-AF99-A77DB8E04075}.Release|iPhone.Build.0 = Release|Any CPU
		{C1D5DDED-9198-4C03-AF99-A77DB8E04075}.Release|iPhoneSimulator.ActiveCfg = Release|Any CPU
		{C1D5DDED-9198-4C03-AF99-A77DB8E04075}.Release|iPhoneSimulator.Build.0 = Release|Any CPU
		{C1D5DDED-9198-4C03-AF99-A77DB8E04075}.Release|x64.ActiveCfg = Release|Any CPU
		{C1D5DDED-9198-4C03-AF99-A77DB8E04075}.Release|x64.Build.0 = Release|Any CPU
		{C1D5DDED-9198-4C03-AF99-A77DB8E04075}.Release|x86.ActiveCfg = Release|Any CPU
		{C1D5DDED-9198-4C03-AF99-A77DB8E04075}.Release|x86.Build.0 = Release|Any CPU
		{CE75A204-B705-4EBB-8755-6B27E36653E3}.Ad-Hoc|Any CPU.ActiveCfg = Debug|Any CPU
		{CE75A204-B705-4EBB-8755-6B27E36653E3}.Ad-Hoc|Any CPU.Build.0 = Debug|Any CPU
		{CE75A204-B705-4EBB-8755-6B27E36653E3}.Ad-Hoc|ARM.ActiveCfg = Debug|Any CPU
		{CE75A204-B705-4EBB-8755-6B27E36653E3}.Ad-Hoc|ARM.Build.0 = Debug|Any CPU
		{CE75A204-B705-4EBB-8755-6B27E36653E3}.Ad-Hoc|iPhone.ActiveCfg = Debug|Any CPU
		{CE75A204-B705-4EBB-8755-6B27E36653E3}.Ad-Hoc|iPhone.Build.0 = Debug|Any CPU
		{CE75A204-B705-4EBB-8755-6B27E36653E3}.Ad-Hoc|iPhoneSimulator.ActiveCfg = Debug|Any CPU
		{CE75A204-B705-4EBB-8755-6B27E36653E3}.Ad-Hoc|iPhoneSimulator.Build.0 = Debug|Any CPU
		{CE75A204-B705-4EBB-8755-6B27E36653E3}.Ad-Hoc|x64.ActiveCfg = Debug|Any CPU
		{CE75A204-B705-4EBB-8755-6B27E36653E3}.Ad-Hoc|x64.Build.0 = Debug|Any CPU
		{CE75A204-B705-4EBB-8755-6B27E36653E3}.Ad-Hoc|x86.ActiveCfg = Debug|Any CPU
		{CE75A204-B705-4EBB-8755-6B27E36653E3}.Ad-Hoc|x86.Build.0 = Debug|Any CPU
		{CE75A204-B705-4EBB-8755-6B27E36653E3}.AppStore|Any CPU.ActiveCfg = Debug|Any CPU
		{CE75A204-B705-4EBB-8755-6B27E36653E3}.AppStore|Any CPU.Build.0 = Debug|Any CPU
		{CE75A204-B705-4EBB-8755-6B27E36653E3}.AppStore|ARM.ActiveCfg = Debug|Any CPU
		{CE75A204-B705-4EBB-8755-6B27E36653E3}.AppStore|ARM.Build.0 = Debug|Any CPU
		{CE75A204-B705-4EBB-8755-6B27E36653E3}.AppStore|iPhone.ActiveCfg = Debug|Any CPU
		{CE75A204-B705-4EBB-8755-6B27E36653E3}.AppStore|iPhone.Build.0 = Debug|Any CPU
		{CE75A204-B705-4EBB-8755-6B27E36653E3}.AppStore|iPhoneSimulator.ActiveCfg = Debug|Any CPU
		{CE75A204-B705-4EBB-8755-6B27E36653E3}.AppStore|iPhoneSimulator.Build.0 = Debug|Any CPU
		{CE75A204-B705-4EBB-8755-6B27E36653E3}.AppStore|x64.ActiveCfg = Debug|Any CPU
		{CE75A204-B705-4EBB-8755-6B27E36653E3}.AppStore|x64.Build.0 = Debug|Any CPU
		{CE75A204-B705-4EBB-8755-6B27E36653E3}.AppStore|x86.ActiveCfg = Debug|Any CPU
		{CE75A204-B705-4EBB-8755-6B27E36653E3}.AppStore|x86.Build.0 = Debug|Any CPU
		{CE75A204-B705-4EBB-8755-6B27E36653E3}.Configuration active|Any CPU.ActiveCfg = Debug|Any CPU
		{CE75A204-B705-4EBB-8755-6B27E36653E3}.Configuration active|Any CPU.Build.0 = Debug|Any CPU
		{CE75A204-B705-4EBB-8755-6B27E36653E3}.Configuration active|ARM.ActiveCfg = Debug|Any CPU
		{CE75A204-B705-4EBB-8755-6B27E36653E3}.Configuration active|ARM.Build.0 = Debug|Any CPU
		{CE75A204-B705-4EBB-8755-6B27E36653E3}.Configuration active|iPhone.ActiveCfg = Debug|Any CPU
		{CE75A204-B705-4EBB-8755-6B27E36653E3}.Configuration active|iPhone.Build.0 = Debug|Any CPU
		{CE75A204-B705-4EBB-8755-6B27E36653E3}.Configuration active|iPhoneSimulator.ActiveCfg = Debug|Any CPU
		{CE75A204-B705-4EBB-8755-6B27E36653E3}.Configuration active|iPhoneSimulator.Build.0 = Debug|Any CPU
		{CE75A204-B705-4EBB-8755-6B27E36653E3}.Configuration active|x64.ActiveCfg = Debug|Any CPU
		{CE75A204-B705-4EBB-8755-6B27E36653E3}.Configuration active|x64.Build.0 = Debug|Any CPU
		{CE75A204-B705-4EBB-8755-6B27E36653E3}.Configuration active|x86.ActiveCfg = Debug|Any CPU
		{CE75A204-B705-4EBB-8755-6B27E36653E3}.Configuration active|x86.Build.0 = Debug|Any CPU
		{CE75A204-B705-4EBB-8755-6B27E36653E3}.Debug|Any CPU.ActiveCfg = Debug|Any CPU
		{CE75A204-B705-4EBB-8755-6B27E36653E3}.Debug|Any CPU.Build.0 = Debug|Any CPU
		{CE75A204-B705-4EBB-8755-6B27E36653E3}.Debug|ARM.ActiveCfg = Debug|Any CPU
		{CE75A204-B705-4EBB-8755-6B27E36653E3}.Debug|ARM.Build.0 = Debug|Any CPU
		{CE75A204-B705-4EBB-8755-6B27E36653E3}.Debug|iPhone.ActiveCfg = Debug|Any CPU
		{CE75A204-B705-4EBB-8755-6B27E36653E3}.Debug|iPhone.Build.0 = Debug|Any CPU
		{CE75A204-B705-4EBB-8755-6B27E36653E3}.Debug|iPhoneSimulator.ActiveCfg = Debug|Any CPU
		{CE75A204-B705-4EBB-8755-6B27E36653E3}.Debug|iPhoneSimulator.Build.0 = Debug|Any CPU
		{CE75A204-B705-4EBB-8755-6B27E36653E3}.Debug|x64.ActiveCfg = Debug|Any CPU
		{CE75A204-B705-4EBB-8755-6B27E36653E3}.Debug|x64.Build.0 = Debug|Any CPU
		{CE75A204-B705-4EBB-8755-6B27E36653E3}.Debug|x86.ActiveCfg = Debug|Any CPU
		{CE75A204-B705-4EBB-8755-6B27E36653E3}.Debug|x86.Build.0 = Debug|Any CPU
		{CE75A204-B705-4EBB-8755-6B27E36653E3}.Release|Any CPU.ActiveCfg = Release|Any CPU
		{CE75A204-B705-4EBB-8755-6B27E36653E3}.Release|Any CPU.Build.0 = Release|Any CPU
		{CE75A204-B705-4EBB-8755-6B27E36653E3}.Release|ARM.ActiveCfg = Release|Any CPU
		{CE75A204-B705-4EBB-8755-6B27E36653E3}.Release|ARM.Build.0 = Release|Any CPU
		{CE75A204-B705-4EBB-8755-6B27E36653E3}.Release|iPhone.ActiveCfg = Release|Any CPU
		{CE75A204-B705-4EBB-8755-6B27E36653E3}.Release|iPhone.Build.0 = Release|Any CPU
		{CE75A204-B705-4EBB-8755-6B27E36653E3}.Release|iPhoneSimulator.ActiveCfg = Release|Any CPU
		{CE75A204-B705-4EBB-8755-6B27E36653E3}.Release|iPhoneSimulator.Build.0 = Release|Any CPU
		{CE75A204-B705-4EBB-8755-6B27E36653E3}.Release|x64.ActiveCfg = Release|Any CPU
		{CE75A204-B705-4EBB-8755-6B27E36653E3}.Release|x64.Build.0 = Release|Any CPU
		{CE75A204-B705-4EBB-8755-6B27E36653E3}.Release|x86.ActiveCfg = Release|Any CPU
		{CE75A204-B705-4EBB-8755-6B27E36653E3}.Release|x86.Build.0 = Release|Any CPU
		{CF01A6DD-3DBC-44F1-81A5-092C9448878D}.Ad-Hoc|Any CPU.ActiveCfg = Release|Any CPU
		{CF01A6DD-3DBC-44F1-81A5-092C9448878D}.Ad-Hoc|Any CPU.Build.0 = Release|Any CPU
		{CF01A6DD-3DBC-44F1-81A5-092C9448878D}.Ad-Hoc|ARM.ActiveCfg = Release|ARM
		{CF01A6DD-3DBC-44F1-81A5-092C9448878D}.Ad-Hoc|ARM.Build.0 = Release|ARM
		{CF01A6DD-3DBC-44F1-81A5-092C9448878D}.Ad-Hoc|iPhone.ActiveCfg = Release|Any CPU
		{CF01A6DD-3DBC-44F1-81A5-092C9448878D}.Ad-Hoc|iPhone.Build.0 = Release|Any CPU
		{CF01A6DD-3DBC-44F1-81A5-092C9448878D}.Ad-Hoc|iPhoneSimulator.ActiveCfg = Release|Any CPU
		{CF01A6DD-3DBC-44F1-81A5-092C9448878D}.Ad-Hoc|iPhoneSimulator.Build.0 = Release|Any CPU
		{CF01A6DD-3DBC-44F1-81A5-092C9448878D}.Ad-Hoc|x64.ActiveCfg = Release|x64
		{CF01A6DD-3DBC-44F1-81A5-092C9448878D}.Ad-Hoc|x64.Build.0 = Release|x64
		{CF01A6DD-3DBC-44F1-81A5-092C9448878D}.Ad-Hoc|x86.ActiveCfg = Release|x86
		{CF01A6DD-3DBC-44F1-81A5-092C9448878D}.Ad-Hoc|x86.Build.0 = Release|x86
		{CF01A6DD-3DBC-44F1-81A5-092C9448878D}.AppStore|Any CPU.ActiveCfg = Release|Any CPU
		{CF01A6DD-3DBC-44F1-81A5-092C9448878D}.AppStore|Any CPU.Build.0 = Release|Any CPU
		{CF01A6DD-3DBC-44F1-81A5-092C9448878D}.AppStore|ARM.ActiveCfg = Release|ARM
		{CF01A6DD-3DBC-44F1-81A5-092C9448878D}.AppStore|ARM.Build.0 = Release|ARM
		{CF01A6DD-3DBC-44F1-81A5-092C9448878D}.AppStore|iPhone.ActiveCfg = Release|Any CPU
		{CF01A6DD-3DBC-44F1-81A5-092C9448878D}.AppStore|iPhone.Build.0 = Release|Any CPU
		{CF01A6DD-3DBC-44F1-81A5-092C9448878D}.AppStore|iPhoneSimulator.ActiveCfg = Release|Any CPU
		{CF01A6DD-3DBC-44F1-81A5-092C9448878D}.AppStore|iPhoneSimulator.Build.0 = Release|Any CPU
		{CF01A6DD-3DBC-44F1-81A5-092C9448878D}.AppStore|x64.ActiveCfg = Release|x64
		{CF01A6DD-3DBC-44F1-81A5-092C9448878D}.AppStore|x64.Build.0 = Release|x64
		{CF01A6DD-3DBC-44F1-81A5-092C9448878D}.AppStore|x86.ActiveCfg = Release|x86
		{CF01A6DD-3DBC-44F1-81A5-092C9448878D}.AppStore|x86.Build.0 = Release|x86
		{CF01A6DD-3DBC-44F1-81A5-092C9448878D}.Configuration active|Any CPU.ActiveCfg = Release|Any CPU
		{CF01A6DD-3DBC-44F1-81A5-092C9448878D}.Configuration active|Any CPU.Build.0 = Release|Any CPU
		{CF01A6DD-3DBC-44F1-81A5-092C9448878D}.Configuration active|ARM.ActiveCfg = Release|ARM
		{CF01A6DD-3DBC-44F1-81A5-092C9448878D}.Configuration active|ARM.Build.0 = Release|ARM
		{CF01A6DD-3DBC-44F1-81A5-092C9448878D}.Configuration active|iPhone.ActiveCfg = Release|Any CPU
		{CF01A6DD-3DBC-44F1-81A5-092C9448878D}.Configuration active|iPhone.Build.0 = Release|Any CPU
		{CF01A6DD-3DBC-44F1-81A5-092C9448878D}.Configuration active|iPhoneSimulator.ActiveCfg = Release|Any CPU
		{CF01A6DD-3DBC-44F1-81A5-092C9448878D}.Configuration active|iPhoneSimulator.Build.0 = Release|Any CPU
		{CF01A6DD-3DBC-44F1-81A5-092C9448878D}.Configuration active|x64.ActiveCfg = Release|x64
		{CF01A6DD-3DBC-44F1-81A5-092C9448878D}.Configuration active|x64.Build.0 = Release|x64
		{CF01A6DD-3DBC-44F1-81A5-092C9448878D}.Configuration active|x86.ActiveCfg = Release|x86
		{CF01A6DD-3DBC-44F1-81A5-092C9448878D}.Configuration active|x86.Build.0 = Release|x86
		{CF01A6DD-3DBC-44F1-81A5-092C9448878D}.Debug|Any CPU.ActiveCfg = Debug|Any CPU
		{CF01A6DD-3DBC-44F1-81A5-092C9448878D}.Debug|Any CPU.Build.0 = Debug|Any CPU
		{CF01A6DD-3DBC-44F1-81A5-092C9448878D}.Debug|ARM.ActiveCfg = Debug|ARM
		{CF01A6DD-3DBC-44F1-81A5-092C9448878D}.Debug|ARM.Build.0 = Debug|ARM
		{CF01A6DD-3DBC-44F1-81A5-092C9448878D}.Debug|iPhone.ActiveCfg = Debug|Any CPU
		{CF01A6DD-3DBC-44F1-81A5-092C9448878D}.Debug|iPhone.Build.0 = Debug|Any CPU
		{CF01A6DD-3DBC-44F1-81A5-092C9448878D}.Debug|iPhoneSimulator.ActiveCfg = Debug|Any CPU
		{CF01A6DD-3DBC-44F1-81A5-092C9448878D}.Debug|iPhoneSimulator.Build.0 = Debug|Any CPU
		{CF01A6DD-3DBC-44F1-81A5-092C9448878D}.Debug|x64.ActiveCfg = Debug|x64
		{CF01A6DD-3DBC-44F1-81A5-092C9448878D}.Debug|x64.Build.0 = Debug|x64
		{CF01A6DD-3DBC-44F1-81A5-092C9448878D}.Debug|x86.ActiveCfg = Debug|x86
		{CF01A6DD-3DBC-44F1-81A5-092C9448878D}.Debug|x86.Build.0 = Debug|x86
		{CF01A6DD-3DBC-44F1-81A5-092C9448878D}.Release|Any CPU.ActiveCfg = Release|Any CPU
		{CF01A6DD-3DBC-44F1-81A5-092C9448878D}.Release|Any CPU.Build.0 = Release|Any CPU
		{CF01A6DD-3DBC-44F1-81A5-092C9448878D}.Release|ARM.ActiveCfg = Release|ARM
		{CF01A6DD-3DBC-44F1-81A5-092C9448878D}.Release|ARM.Build.0 = Release|ARM
		{CF01A6DD-3DBC-44F1-81A5-092C9448878D}.Release|iPhone.ActiveCfg = Release|Any CPU
		{CF01A6DD-3DBC-44F1-81A5-092C9448878D}.Release|iPhone.Build.0 = Release|Any CPU
		{CF01A6DD-3DBC-44F1-81A5-092C9448878D}.Release|iPhoneSimulator.ActiveCfg = Release|Any CPU
		{CF01A6DD-3DBC-44F1-81A5-092C9448878D}.Release|iPhoneSimulator.Build.0 = Release|Any CPU
		{CF01A6DD-3DBC-44F1-81A5-092C9448878D}.Release|x64.ActiveCfg = Release|x64
		{CF01A6DD-3DBC-44F1-81A5-092C9448878D}.Release|x64.Build.0 = Release|x64
		{CF01A6DD-3DBC-44F1-81A5-092C9448878D}.Release|x86.ActiveCfg = Release|x86
		{CF01A6DD-3DBC-44F1-81A5-092C9448878D}.Release|x86.Build.0 = Release|x86
		{98107917-62AD-4EF9-8176-E056758A6C30}.Ad-Hoc|Any CPU.ActiveCfg = Debug|Any CPU
		{98107917-62AD-4EF9-8176-E056758A6C30}.Ad-Hoc|Any CPU.Build.0 = Debug|Any CPU
		{98107917-62AD-4EF9-8176-E056758A6C30}.Ad-Hoc|ARM.ActiveCfg = Debug|Any CPU
		{98107917-62AD-4EF9-8176-E056758A6C30}.Ad-Hoc|ARM.Build.0 = Debug|Any CPU
		{98107917-62AD-4EF9-8176-E056758A6C30}.Ad-Hoc|iPhone.ActiveCfg = Debug|Any CPU
		{98107917-62AD-4EF9-8176-E056758A6C30}.Ad-Hoc|iPhone.Build.0 = Debug|Any CPU
		{98107917-62AD-4EF9-8176-E056758A6C30}.Ad-Hoc|iPhoneSimulator.ActiveCfg = Debug|Any CPU
		{98107917-62AD-4EF9-8176-E056758A6C30}.Ad-Hoc|iPhoneSimulator.Build.0 = Debug|Any CPU
		{98107917-62AD-4EF9-8176-E056758A6C30}.Ad-Hoc|x64.ActiveCfg = Debug|Any CPU
		{98107917-62AD-4EF9-8176-E056758A6C30}.Ad-Hoc|x64.Build.0 = Debug|Any CPU
		{98107917-62AD-4EF9-8176-E056758A6C30}.Ad-Hoc|x86.ActiveCfg = Debug|Any CPU
		{98107917-62AD-4EF9-8176-E056758A6C30}.Ad-Hoc|x86.Build.0 = Debug|Any CPU
		{98107917-62AD-4EF9-8176-E056758A6C30}.AppStore|Any CPU.ActiveCfg = Debug|Any CPU
		{98107917-62AD-4EF9-8176-E056758A6C30}.AppStore|Any CPU.Build.0 = Debug|Any CPU
		{98107917-62AD-4EF9-8176-E056758A6C30}.AppStore|ARM.ActiveCfg = Debug|Any CPU
		{98107917-62AD-4EF9-8176-E056758A6C30}.AppStore|ARM.Build.0 = Debug|Any CPU
		{98107917-62AD-4EF9-8176-E056758A6C30}.AppStore|iPhone.ActiveCfg = Debug|Any CPU
		{98107917-62AD-4EF9-8176-E056758A6C30}.AppStore|iPhone.Build.0 = Debug|Any CPU
		{98107917-62AD-4EF9-8176-E056758A6C30}.AppStore|iPhoneSimulator.ActiveCfg = Debug|Any CPU
		{98107917-62AD-4EF9-8176-E056758A6C30}.AppStore|iPhoneSimulator.Build.0 = Debug|Any CPU
		{98107917-62AD-4EF9-8176-E056758A6C30}.AppStore|x64.ActiveCfg = Debug|Any CPU
		{98107917-62AD-4EF9-8176-E056758A6C30}.AppStore|x64.Build.0 = Debug|Any CPU
		{98107917-62AD-4EF9-8176-E056758A6C30}.AppStore|x86.ActiveCfg = Debug|Any CPU
		{98107917-62AD-4EF9-8176-E056758A6C30}.AppStore|x86.Build.0 = Debug|Any CPU
		{98107917-62AD-4EF9-8176-E056758A6C30}.Configuration active|Any CPU.ActiveCfg = Debug|Any CPU
		{98107917-62AD-4EF9-8176-E056758A6C30}.Configuration active|Any CPU.Build.0 = Debug|Any CPU
		{98107917-62AD-4EF9-8176-E056758A6C30}.Configuration active|ARM.ActiveCfg = Debug|Any CPU
		{98107917-62AD-4EF9-8176-E056758A6C30}.Configuration active|ARM.Build.0 = Debug|Any CPU
		{98107917-62AD-4EF9-8176-E056758A6C30}.Configuration active|iPhone.ActiveCfg = Debug|Any CPU
		{98107917-62AD-4EF9-8176-E056758A6C30}.Configuration active|iPhone.Build.0 = Debug|Any CPU
		{98107917-62AD-4EF9-8176-E056758A6C30}.Configuration active|iPhoneSimulator.ActiveCfg = Debug|Any CPU
		{98107917-62AD-4EF9-8176-E056758A6C30}.Configuration active|iPhoneSimulator.Build.0 = Debug|Any CPU
		{98107917-62AD-4EF9-8176-E056758A6C30}.Configuration active|x64.ActiveCfg = Debug|Any CPU
		{98107917-62AD-4EF9-8176-E056758A6C30}.Configuration active|x64.Build.0 = Debug|Any CPU
		{98107917-62AD-4EF9-8176-E056758A6C30}.Configuration active|x86.ActiveCfg = Debug|Any CPU
		{98107917-62AD-4EF9-8176-E056758A6C30}.Configuration active|x86.Build.0 = Debug|Any CPU
		{98107917-62AD-4EF9-8176-E056758A6C30}.Debug|Any CPU.ActiveCfg = Debug|Any CPU
		{98107917-62AD-4EF9-8176-E056758A6C30}.Debug|Any CPU.Build.0 = Debug|Any CPU
		{98107917-62AD-4EF9-8176-E056758A6C30}.Debug|ARM.ActiveCfg = Debug|Any CPU
		{98107917-62AD-4EF9-8176-E056758A6C30}.Debug|ARM.Build.0 = Debug|Any CPU
		{98107917-62AD-4EF9-8176-E056758A6C30}.Debug|iPhone.ActiveCfg = Debug|Any CPU
		{98107917-62AD-4EF9-8176-E056758A6C30}.Debug|iPhone.Build.0 = Debug|Any CPU
		{98107917-62AD-4EF9-8176-E056758A6C30}.Debug|iPhoneSimulator.ActiveCfg = Debug|Any CPU
		{98107917-62AD-4EF9-8176-E056758A6C30}.Debug|iPhoneSimulator.Build.0 = Debug|Any CPU
		{98107917-62AD-4EF9-8176-E056758A6C30}.Debug|x64.ActiveCfg = Debug|Any CPU
		{98107917-62AD-4EF9-8176-E056758A6C30}.Debug|x64.Build.0 = Debug|Any CPU
		{98107917-62AD-4EF9-8176-E056758A6C30}.Debug|x86.ActiveCfg = Debug|Any CPU
		{98107917-62AD-4EF9-8176-E056758A6C30}.Debug|x86.Build.0 = Debug|Any CPU
		{98107917-62AD-4EF9-8176-E056758A6C30}.Release|Any CPU.ActiveCfg = Release|Any CPU
		{98107917-62AD-4EF9-8176-E056758A6C30}.Release|Any CPU.Build.0 = Release|Any CPU
		{98107917-62AD-4EF9-8176-E056758A6C30}.Release|ARM.ActiveCfg = Release|Any CPU
		{98107917-62AD-4EF9-8176-E056758A6C30}.Release|ARM.Build.0 = Release|Any CPU
		{98107917-62AD-4EF9-8176-E056758A6C30}.Release|iPhone.ActiveCfg = Release|Any CPU
		{98107917-62AD-4EF9-8176-E056758A6C30}.Release|iPhone.Build.0 = Release|Any CPU
		{98107917-62AD-4EF9-8176-E056758A6C30}.Release|iPhoneSimulator.ActiveCfg = Release|Any CPU
		{98107917-62AD-4EF9-8176-E056758A6C30}.Release|iPhoneSimulator.Build.0 = Release|Any CPU
		{98107917-62AD-4EF9-8176-E056758A6C30}.Release|x64.ActiveCfg = Release|Any CPU
		{98107917-62AD-4EF9-8176-E056758A6C30}.Release|x64.Build.0 = Release|Any CPU
		{98107917-62AD-4EF9-8176-E056758A6C30}.Release|x86.ActiveCfg = Release|Any CPU
		{98107917-62AD-4EF9-8176-E056758A6C30}.Release|x86.Build.0 = Release|Any CPU
		{54687E95-6657-4B2C-8EC0-8E1A63697119}.Ad-Hoc|Any CPU.ActiveCfg = Release|Any CPU
		{54687E95-6657-4B2C-8EC0-8E1A63697119}.Ad-Hoc|Any CPU.Build.0 = Release|Any CPU
		{54687E95-6657-4B2C-8EC0-8E1A63697119}.Ad-Hoc|Any CPU.Deploy.0 = Release|Any CPU
		{54687E95-6657-4B2C-8EC0-8E1A63697119}.Ad-Hoc|ARM.ActiveCfg = Release|Any CPU
		{54687E95-6657-4B2C-8EC0-8E1A63697119}.Ad-Hoc|ARM.Build.0 = Release|Any CPU
		{54687E95-6657-4B2C-8EC0-8E1A63697119}.Ad-Hoc|ARM.Deploy.0 = Release|Any CPU
		{54687E95-6657-4B2C-8EC0-8E1A63697119}.Ad-Hoc|iPhone.ActiveCfg = Release|Any CPU
		{54687E95-6657-4B2C-8EC0-8E1A63697119}.Ad-Hoc|iPhone.Build.0 = Release|Any CPU
		{54687E95-6657-4B2C-8EC0-8E1A63697119}.Ad-Hoc|iPhone.Deploy.0 = Release|Any CPU
		{54687E95-6657-4B2C-8EC0-8E1A63697119}.Ad-Hoc|iPhoneSimulator.ActiveCfg = Release|Any CPU
		{54687E95-6657-4B2C-8EC0-8E1A63697119}.Ad-Hoc|iPhoneSimulator.Build.0 = Release|Any CPU
		{54687E95-6657-4B2C-8EC0-8E1A63697119}.Ad-Hoc|iPhoneSimulator.Deploy.0 = Release|Any CPU
		{54687E95-6657-4B2C-8EC0-8E1A63697119}.Ad-Hoc|x64.ActiveCfg = Release|Any CPU
		{54687E95-6657-4B2C-8EC0-8E1A63697119}.Ad-Hoc|x64.Build.0 = Release|Any CPU
		{54687E95-6657-4B2C-8EC0-8E1A63697119}.Ad-Hoc|x64.Deploy.0 = Release|Any CPU
		{54687E95-6657-4B2C-8EC0-8E1A63697119}.Ad-Hoc|x86.ActiveCfg = Release|Any CPU
		{54687E95-6657-4B2C-8EC0-8E1A63697119}.Ad-Hoc|x86.Build.0 = Release|Any CPU
		{54687E95-6657-4B2C-8EC0-8E1A63697119}.Ad-Hoc|x86.Deploy.0 = Release|Any CPU
		{54687E95-6657-4B2C-8EC0-8E1A63697119}.AppStore|Any CPU.ActiveCfg = Release|Any CPU
		{54687E95-6657-4B2C-8EC0-8E1A63697119}.AppStore|Any CPU.Build.0 = Release|Any CPU
		{54687E95-6657-4B2C-8EC0-8E1A63697119}.AppStore|Any CPU.Deploy.0 = Release|Any CPU
		{54687E95-6657-4B2C-8EC0-8E1A63697119}.AppStore|ARM.ActiveCfg = Release|Any CPU
		{54687E95-6657-4B2C-8EC0-8E1A63697119}.AppStore|ARM.Build.0 = Release|Any CPU
		{54687E95-6657-4B2C-8EC0-8E1A63697119}.AppStore|ARM.Deploy.0 = Release|Any CPU
		{54687E95-6657-4B2C-8EC0-8E1A63697119}.AppStore|iPhone.ActiveCfg = Release|Any CPU
		{54687E95-6657-4B2C-8EC0-8E1A63697119}.AppStore|iPhone.Build.0 = Release|Any CPU
		{54687E95-6657-4B2C-8EC0-8E1A63697119}.AppStore|iPhone.Deploy.0 = Release|Any CPU
		{54687E95-6657-4B2C-8EC0-8E1A63697119}.AppStore|iPhoneSimulator.ActiveCfg = Release|Any CPU
		{54687E95-6657-4B2C-8EC0-8E1A63697119}.AppStore|iPhoneSimulator.Build.0 = Release|Any CPU
		{54687E95-6657-4B2C-8EC0-8E1A63697119}.AppStore|iPhoneSimulator.Deploy.0 = Release|Any CPU
		{54687E95-6657-4B2C-8EC0-8E1A63697119}.AppStore|x64.ActiveCfg = Release|Any CPU
		{54687E95-6657-4B2C-8EC0-8E1A63697119}.AppStore|x64.Build.0 = Release|Any CPU
		{54687E95-6657-4B2C-8EC0-8E1A63697119}.AppStore|x64.Deploy.0 = Release|Any CPU
		{54687E95-6657-4B2C-8EC0-8E1A63697119}.AppStore|x86.ActiveCfg = Release|Any CPU
		{54687E95-6657-4B2C-8EC0-8E1A63697119}.AppStore|x86.Build.0 = Release|Any CPU
		{54687E95-6657-4B2C-8EC0-8E1A63697119}.AppStore|x86.Deploy.0 = Release|Any CPU
		{54687E95-6657-4B2C-8EC0-8E1A63697119}.Configuration active|Any CPU.ActiveCfg = Release|Any CPU
		{54687E95-6657-4B2C-8EC0-8E1A63697119}.Configuration active|Any CPU.Build.0 = Release|Any CPU
		{54687E95-6657-4B2C-8EC0-8E1A63697119}.Configuration active|Any CPU.Deploy.0 = Release|Any CPU
		{54687E95-6657-4B2C-8EC0-8E1A63697119}.Configuration active|ARM.ActiveCfg = Release|Any CPU
		{54687E95-6657-4B2C-8EC0-8E1A63697119}.Configuration active|ARM.Build.0 = Release|Any CPU
		{54687E95-6657-4B2C-8EC0-8E1A63697119}.Configuration active|ARM.Deploy.0 = Release|Any CPU
		{54687E95-6657-4B2C-8EC0-8E1A63697119}.Configuration active|iPhone.ActiveCfg = Release|Any CPU
		{54687E95-6657-4B2C-8EC0-8E1A63697119}.Configuration active|iPhone.Build.0 = Release|Any CPU
		{54687E95-6657-4B2C-8EC0-8E1A63697119}.Configuration active|iPhone.Deploy.0 = Release|Any CPU
		{54687E95-6657-4B2C-8EC0-8E1A63697119}.Configuration active|iPhoneSimulator.ActiveCfg = Release|Any CPU
		{54687E95-6657-4B2C-8EC0-8E1A63697119}.Configuration active|iPhoneSimulator.Build.0 = Release|Any CPU
		{54687E95-6657-4B2C-8EC0-8E1A63697119}.Configuration active|iPhoneSimulator.Deploy.0 = Release|Any CPU
		{54687E95-6657-4B2C-8EC0-8E1A63697119}.Configuration active|x64.ActiveCfg = Release|Any CPU
		{54687E95-6657-4B2C-8EC0-8E1A63697119}.Configuration active|x64.Build.0 = Release|Any CPU
		{54687E95-6657-4B2C-8EC0-8E1A63697119}.Configuration active|x64.Deploy.0 = Release|Any CPU
		{54687E95-6657-4B2C-8EC0-8E1A63697119}.Configuration active|x86.ActiveCfg = Release|Any CPU
		{54687E95-6657-4B2C-8EC0-8E1A63697119}.Configuration active|x86.Build.0 = Release|Any CPU
		{54687E95-6657-4B2C-8EC0-8E1A63697119}.Configuration active|x86.Deploy.0 = Release|Any CPU
		{54687E95-6657-4B2C-8EC0-8E1A63697119}.Debug|Any CPU.ActiveCfg = Debug|Any CPU
		{54687E95-6657-4B2C-8EC0-8E1A63697119}.Debug|Any CPU.Build.0 = Debug|Any CPU
		{54687E95-6657-4B2C-8EC0-8E1A63697119}.Debug|Any CPU.Deploy.0 = Debug|Any CPU
		{54687E95-6657-4B2C-8EC0-8E1A63697119}.Debug|ARM.ActiveCfg = Debug|Any CPU
		{54687E95-6657-4B2C-8EC0-8E1A63697119}.Debug|ARM.Build.0 = Debug|Any CPU
		{54687E95-6657-4B2C-8EC0-8E1A63697119}.Debug|ARM.Deploy.0 = Debug|Any CPU
		{54687E95-6657-4B2C-8EC0-8E1A63697119}.Debug|iPhone.ActiveCfg = Debug|Any CPU
		{54687E95-6657-4B2C-8EC0-8E1A63697119}.Debug|iPhone.Build.0 = Debug|Any CPU
		{54687E95-6657-4B2C-8EC0-8E1A63697119}.Debug|iPhone.Deploy.0 = Debug|Any CPU
		{54687E95-6657-4B2C-8EC0-8E1A63697119}.Debug|iPhoneSimulator.ActiveCfg = Debug|Any CPU
		{54687E95-6657-4B2C-8EC0-8E1A63697119}.Debug|iPhoneSimulator.Build.0 = Debug|Any CPU
		{54687E95-6657-4B2C-8EC0-8E1A63697119}.Debug|iPhoneSimulator.Deploy.0 = Debug|Any CPU
		{54687E95-6657-4B2C-8EC0-8E1A63697119}.Debug|x64.ActiveCfg = Debug|Any CPU
		{54687E95-6657-4B2C-8EC0-8E1A63697119}.Debug|x64.Build.0 = Debug|Any CPU
		{54687E95-6657-4B2C-8EC0-8E1A63697119}.Debug|x64.Deploy.0 = Debug|Any CPU
		{54687E95-6657-4B2C-8EC0-8E1A63697119}.Debug|x86.ActiveCfg = Debug|Any CPU
		{54687E95-6657-4B2C-8EC0-8E1A63697119}.Debug|x86.Build.0 = Debug|Any CPU
		{54687E95-6657-4B2C-8EC0-8E1A63697119}.Debug|x86.Deploy.0 = Debug|Any CPU
		{54687E95-6657-4B2C-8EC0-8E1A63697119}.Release|Any CPU.ActiveCfg = Release|Any CPU
		{54687E95-6657-4B2C-8EC0-8E1A63697119}.Release|Any CPU.Build.0 = Release|Any CPU
		{54687E95-6657-4B2C-8EC0-8E1A63697119}.Release|Any CPU.Deploy.0 = Release|Any CPU
		{54687E95-6657-4B2C-8EC0-8E1A63697119}.Release|ARM.ActiveCfg = Release|Any CPU
		{54687E95-6657-4B2C-8EC0-8E1A63697119}.Release|ARM.Build.0 = Release|Any CPU
		{54687E95-6657-4B2C-8EC0-8E1A63697119}.Release|ARM.Deploy.0 = Release|Any CPU
		{54687E95-6657-4B2C-8EC0-8E1A63697119}.Release|iPhone.ActiveCfg = Release|Any CPU
		{54687E95-6657-4B2C-8EC0-8E1A63697119}.Release|iPhone.Build.0 = Release|Any CPU
		{54687E95-6657-4B2C-8EC0-8E1A63697119}.Release|iPhone.Deploy.0 = Release|Any CPU
		{54687E95-6657-4B2C-8EC0-8E1A63697119}.Release|iPhoneSimulator.ActiveCfg = Release|Any CPU
		{54687E95-6657-4B2C-8EC0-8E1A63697119}.Release|iPhoneSimulator.Build.0 = Release|Any CPU
		{54687E95-6657-4B2C-8EC0-8E1A63697119}.Release|iPhoneSimulator.Deploy.0 = Release|Any CPU
		{54687E95-6657-4B2C-8EC0-8E1A63697119}.Release|x64.ActiveCfg = Release|Any CPU
		{54687E95-6657-4B2C-8EC0-8E1A63697119}.Release|x64.Build.0 = Release|Any CPU
		{54687E95-6657-4B2C-8EC0-8E1A63697119}.Release|x64.Deploy.0 = Release|Any CPU
		{54687E95-6657-4B2C-8EC0-8E1A63697119}.Release|x86.ActiveCfg = Release|Any CPU
		{54687E95-6657-4B2C-8EC0-8E1A63697119}.Release|x86.Build.0 = Release|Any CPU
		{54687E95-6657-4B2C-8EC0-8E1A63697119}.Release|x86.Deploy.0 = Release|Any CPU
		{D91990DB-3D8B-4CDF-88E5-3E6DFE5E887C}.Ad-Hoc|Any CPU.ActiveCfg = Ad-Hoc|iPhone
		{D91990DB-3D8B-4CDF-88E5-3E6DFE5E887C}.Ad-Hoc|ARM.ActiveCfg = Ad-Hoc|iPhone
		{D91990DB-3D8B-4CDF-88E5-3E6DFE5E887C}.Ad-Hoc|iPhone.ActiveCfg = Ad-Hoc|iPhone
		{D91990DB-3D8B-4CDF-88E5-3E6DFE5E887C}.Ad-Hoc|iPhone.Build.0 = Ad-Hoc|iPhone
		{D91990DB-3D8B-4CDF-88E5-3E6DFE5E887C}.Ad-Hoc|iPhoneSimulator.ActiveCfg = Ad-Hoc|iPhoneSimulator
		{D91990DB-3D8B-4CDF-88E5-3E6DFE5E887C}.Ad-Hoc|iPhoneSimulator.Build.0 = Ad-Hoc|iPhoneSimulator
		{D91990DB-3D8B-4CDF-88E5-3E6DFE5E887C}.Ad-Hoc|x64.ActiveCfg = Ad-Hoc|iPhone
		{D91990DB-3D8B-4CDF-88E5-3E6DFE5E887C}.Ad-Hoc|x86.ActiveCfg = Ad-Hoc|iPhone
		{D91990DB-3D8B-4CDF-88E5-3E6DFE5E887C}.AppStore|Any CPU.ActiveCfg = AppStore|iPhone
		{D91990DB-3D8B-4CDF-88E5-3E6DFE5E887C}.AppStore|ARM.ActiveCfg = AppStore|iPhone
		{D91990DB-3D8B-4CDF-88E5-3E6DFE5E887C}.AppStore|iPhone.ActiveCfg = AppStore|iPhone
		{D91990DB-3D8B-4CDF-88E5-3E6DFE5E887C}.AppStore|iPhone.Build.0 = AppStore|iPhone
		{D91990DB-3D8B-4CDF-88E5-3E6DFE5E887C}.AppStore|iPhoneSimulator.ActiveCfg = AppStore|iPhoneSimulator
		{D91990DB-3D8B-4CDF-88E5-3E6DFE5E887C}.AppStore|iPhoneSimulator.Build.0 = AppStore|iPhoneSimulator
		{D91990DB-3D8B-4CDF-88E5-3E6DFE5E887C}.AppStore|x64.ActiveCfg = AppStore|iPhone
		{D91990DB-3D8B-4CDF-88E5-3E6DFE5E887C}.AppStore|x86.ActiveCfg = AppStore|iPhone
		{D91990DB-3D8B-4CDF-88E5-3E6DFE5E887C}.Configuration active|Any CPU.ActiveCfg = AppStore|iPhone
		{D91990DB-3D8B-4CDF-88E5-3E6DFE5E887C}.Configuration active|Any CPU.Build.0 = AppStore|iPhone
		{D91990DB-3D8B-4CDF-88E5-3E6DFE5E887C}.Configuration active|ARM.ActiveCfg = AppStore|iPhone
		{D91990DB-3D8B-4CDF-88E5-3E6DFE5E887C}.Configuration active|ARM.Build.0 = AppStore|iPhone
		{D91990DB-3D8B-4CDF-88E5-3E6DFE5E887C}.Configuration active|iPhone.ActiveCfg = AppStore|iPhone
		{D91990DB-3D8B-4CDF-88E5-3E6DFE5E887C}.Configuration active|iPhone.Build.0 = AppStore|iPhone
		{D91990DB-3D8B-4CDF-88E5-3E6DFE5E887C}.Configuration active|iPhoneSimulator.ActiveCfg = AppStore|iPhoneSimulator
		{D91990DB-3D8B-4CDF-88E5-3E6DFE5E887C}.Configuration active|iPhoneSimulator.Build.0 = AppStore|iPhoneSimulator
		{D91990DB-3D8B-4CDF-88E5-3E6DFE5E887C}.Configuration active|x64.ActiveCfg = AppStore|iPhone
		{D91990DB-3D8B-4CDF-88E5-3E6DFE5E887C}.Configuration active|x64.Build.0 = AppStore|iPhone
		{D91990DB-3D8B-4CDF-88E5-3E6DFE5E887C}.Configuration active|x86.ActiveCfg = AppStore|iPhone
		{D91990DB-3D8B-4CDF-88E5-3E6DFE5E887C}.Configuration active|x86.Build.0 = AppStore|iPhone
		{D91990DB-3D8B-4CDF-88E5-3E6DFE5E887C}.Debug|Any CPU.ActiveCfg = Debug|iPhone
		{D91990DB-3D8B-4CDF-88E5-3E6DFE5E887C}.Debug|ARM.ActiveCfg = Debug|iPhone
		{D91990DB-3D8B-4CDF-88E5-3E6DFE5E887C}.Debug|iPhone.ActiveCfg = Debug|iPhone
		{D91990DB-3D8B-4CDF-88E5-3E6DFE5E887C}.Debug|iPhone.Build.0 = Debug|iPhone
		{D91990DB-3D8B-4CDF-88E5-3E6DFE5E887C}.Debug|iPhoneSimulator.ActiveCfg = Debug|iPhoneSimulator
		{D91990DB-3D8B-4CDF-88E5-3E6DFE5E887C}.Debug|iPhoneSimulator.Build.0 = Debug|iPhoneSimulator
		{D91990DB-3D8B-4CDF-88E5-3E6DFE5E887C}.Debug|x64.ActiveCfg = Debug|iPhone
		{D91990DB-3D8B-4CDF-88E5-3E6DFE5E887C}.Debug|x86.ActiveCfg = Debug|iPhone
		{D91990DB-3D8B-4CDF-88E5-3E6DFE5E887C}.Release|Any CPU.ActiveCfg = Release|iPhone
		{D91990DB-3D8B-4CDF-88E5-3E6DFE5E887C}.Release|ARM.ActiveCfg = Release|iPhone
		{D91990DB-3D8B-4CDF-88E5-3E6DFE5E887C}.Release|iPhone.ActiveCfg = Release|iPhone
		{D91990DB-3D8B-4CDF-88E5-3E6DFE5E887C}.Release|iPhone.Build.0 = Release|iPhone
		{D91990DB-3D8B-4CDF-88E5-3E6DFE5E887C}.Release|iPhoneSimulator.ActiveCfg = Release|iPhoneSimulator
		{D91990DB-3D8B-4CDF-88E5-3E6DFE5E887C}.Release|iPhoneSimulator.Build.0 = Release|iPhoneSimulator
		{D91990DB-3D8B-4CDF-88E5-3E6DFE5E887C}.Release|x64.ActiveCfg = Release|iPhone
		{D91990DB-3D8B-4CDF-88E5-3E6DFE5E887C}.Release|x86.ActiveCfg = Release|iPhone
		{314B8998-D739-43EB-BA30-CA7122EA04B1}.Ad-Hoc|Any CPU.ActiveCfg = Release|x86
		{314B8998-D739-43EB-BA30-CA7122EA04B1}.Ad-Hoc|Any CPU.Build.0 = Release|x86
		{314B8998-D739-43EB-BA30-CA7122EA04B1}.Ad-Hoc|Any CPU.Deploy.0 = Release|x86
		{314B8998-D739-43EB-BA30-CA7122EA04B1}.Ad-Hoc|ARM.ActiveCfg = Release|ARM
		{314B8998-D739-43EB-BA30-CA7122EA04B1}.Ad-Hoc|ARM.Build.0 = Release|ARM
		{314B8998-D739-43EB-BA30-CA7122EA04B1}.Ad-Hoc|ARM.Deploy.0 = Release|ARM
		{314B8998-D739-43EB-BA30-CA7122EA04B1}.Ad-Hoc|iPhone.ActiveCfg = Release|x86
		{314B8998-D739-43EB-BA30-CA7122EA04B1}.Ad-Hoc|iPhone.Build.0 = Release|x86
		{314B8998-D739-43EB-BA30-CA7122EA04B1}.Ad-Hoc|iPhone.Deploy.0 = Release|x86
		{314B8998-D739-43EB-BA30-CA7122EA04B1}.Ad-Hoc|iPhoneSimulator.ActiveCfg = Release|x86
		{314B8998-D739-43EB-BA30-CA7122EA04B1}.Ad-Hoc|iPhoneSimulator.Build.0 = Release|x86
		{314B8998-D739-43EB-BA30-CA7122EA04B1}.Ad-Hoc|iPhoneSimulator.Deploy.0 = Release|x86
		{314B8998-D739-43EB-BA30-CA7122EA04B1}.Ad-Hoc|x64.ActiveCfg = Release|x64
		{314B8998-D739-43EB-BA30-CA7122EA04B1}.Ad-Hoc|x64.Build.0 = Release|x64
		{314B8998-D739-43EB-BA30-CA7122EA04B1}.Ad-Hoc|x64.Deploy.0 = Release|x64
		{314B8998-D739-43EB-BA30-CA7122EA04B1}.Ad-Hoc|x86.ActiveCfg = Release|x86
		{314B8998-D739-43EB-BA30-CA7122EA04B1}.Ad-Hoc|x86.Build.0 = Release|x86
		{314B8998-D739-43EB-BA30-CA7122EA04B1}.Ad-Hoc|x86.Deploy.0 = Release|x86
		{314B8998-D739-43EB-BA30-CA7122EA04B1}.AppStore|Any CPU.ActiveCfg = Release|x86
		{314B8998-D739-43EB-BA30-CA7122EA04B1}.AppStore|Any CPU.Build.0 = Release|x86
		{314B8998-D739-43EB-BA30-CA7122EA04B1}.AppStore|Any CPU.Deploy.0 = Release|x86
		{314B8998-D739-43EB-BA30-CA7122EA04B1}.AppStore|ARM.ActiveCfg = Release|ARM
		{314B8998-D739-43EB-BA30-CA7122EA04B1}.AppStore|ARM.Build.0 = Release|ARM
		{314B8998-D739-43EB-BA30-CA7122EA04B1}.AppStore|ARM.Deploy.0 = Release|ARM
		{314B8998-D739-43EB-BA30-CA7122EA04B1}.AppStore|iPhone.ActiveCfg = Release|x86
		{314B8998-D739-43EB-BA30-CA7122EA04B1}.AppStore|iPhone.Build.0 = Release|x86
		{314B8998-D739-43EB-BA30-CA7122EA04B1}.AppStore|iPhone.Deploy.0 = Release|x86
		{314B8998-D739-43EB-BA30-CA7122EA04B1}.AppStore|iPhoneSimulator.ActiveCfg = Release|x86
		{314B8998-D739-43EB-BA30-CA7122EA04B1}.AppStore|iPhoneSimulator.Build.0 = Release|x86
		{314B8998-D739-43EB-BA30-CA7122EA04B1}.AppStore|iPhoneSimulator.Deploy.0 = Release|x86
		{314B8998-D739-43EB-BA30-CA7122EA04B1}.AppStore|x64.ActiveCfg = Release|x64
		{314B8998-D739-43EB-BA30-CA7122EA04B1}.AppStore|x64.Build.0 = Release|x64
		{314B8998-D739-43EB-BA30-CA7122EA04B1}.AppStore|x64.Deploy.0 = Release|x64
		{314B8998-D739-43EB-BA30-CA7122EA04B1}.AppStore|x86.ActiveCfg = Release|x86
		{314B8998-D739-43EB-BA30-CA7122EA04B1}.AppStore|x86.Build.0 = Release|x86
		{314B8998-D739-43EB-BA30-CA7122EA04B1}.AppStore|x86.Deploy.0 = Release|x86
		{314B8998-D739-43EB-BA30-CA7122EA04B1}.Configuration active|Any CPU.ActiveCfg = Release|x86
		{314B8998-D739-43EB-BA30-CA7122EA04B1}.Configuration active|Any CPU.Build.0 = Release|x86
		{314B8998-D739-43EB-BA30-CA7122EA04B1}.Configuration active|Any CPU.Deploy.0 = Release|x86
		{314B8998-D739-43EB-BA30-CA7122EA04B1}.Configuration active|ARM.ActiveCfg = Release|ARM
		{314B8998-D739-43EB-BA30-CA7122EA04B1}.Configuration active|ARM.Build.0 = Release|ARM
		{314B8998-D739-43EB-BA30-CA7122EA04B1}.Configuration active|ARM.Deploy.0 = Release|ARM
		{314B8998-D739-43EB-BA30-CA7122EA04B1}.Configuration active|iPhone.ActiveCfg = Release|x86
		{314B8998-D739-43EB-BA30-CA7122EA04B1}.Configuration active|iPhone.Build.0 = Release|x86
		{314B8998-D739-43EB-BA30-CA7122EA04B1}.Configuration active|iPhone.Deploy.0 = Release|x86
		{314B8998-D739-43EB-BA30-CA7122EA04B1}.Configuration active|iPhoneSimulator.ActiveCfg = Release|x86
		{314B8998-D739-43EB-BA30-CA7122EA04B1}.Configuration active|iPhoneSimulator.Build.0 = Release|x86
		{314B8998-D739-43EB-BA30-CA7122EA04B1}.Configuration active|iPhoneSimulator.Deploy.0 = Release|x86
		{314B8998-D739-43EB-BA30-CA7122EA04B1}.Configuration active|x64.ActiveCfg = Release|x64
		{314B8998-D739-43EB-BA30-CA7122EA04B1}.Configuration active|x64.Build.0 = Release|x64
		{314B8998-D739-43EB-BA30-CA7122EA04B1}.Configuration active|x64.Deploy.0 = Release|x64
		{314B8998-D739-43EB-BA30-CA7122EA04B1}.Configuration active|x86.ActiveCfg = Release|x86
		{314B8998-D739-43EB-BA30-CA7122EA04B1}.Configuration active|x86.Build.0 = Release|x86
		{314B8998-D739-43EB-BA30-CA7122EA04B1}.Configuration active|x86.Deploy.0 = Release|x86
		{314B8998-D739-43EB-BA30-CA7122EA04B1}.Debug|Any CPU.ActiveCfg = Debug|x86
		{314B8998-D739-43EB-BA30-CA7122EA04B1}.Debug|ARM.ActiveCfg = Debug|ARM
		{314B8998-D739-43EB-BA30-CA7122EA04B1}.Debug|ARM.Build.0 = Debug|ARM
		{314B8998-D739-43EB-BA30-CA7122EA04B1}.Debug|ARM.Deploy.0 = Debug|ARM
		{314B8998-D739-43EB-BA30-CA7122EA04B1}.Debug|iPhone.ActiveCfg = Debug|x86
		{314B8998-D739-43EB-BA30-CA7122EA04B1}.Debug|iPhoneSimulator.ActiveCfg = Debug|x86
		{314B8998-D739-43EB-BA30-CA7122EA04B1}.Debug|x64.ActiveCfg = Debug|x64
		{314B8998-D739-43EB-BA30-CA7122EA04B1}.Debug|x64.Build.0 = Debug|x64
		{314B8998-D739-43EB-BA30-CA7122EA04B1}.Debug|x64.Deploy.0 = Debug|x64
		{314B8998-D739-43EB-BA30-CA7122EA04B1}.Debug|x86.ActiveCfg = Debug|x86
		{314B8998-D739-43EB-BA30-CA7122EA04B1}.Debug|x86.Build.0 = Debug|x86
		{314B8998-D739-43EB-BA30-CA7122EA04B1}.Debug|x86.Deploy.0 = Debug|x86
		{314B8998-D739-43EB-BA30-CA7122EA04B1}.Release|Any CPU.ActiveCfg = Release|x86
		{314B8998-D739-43EB-BA30-CA7122EA04B1}.Release|Any CPU.Build.0 = Release|x86
		{314B8998-D739-43EB-BA30-CA7122EA04B1}.Release|Any CPU.Deploy.0 = Release|x86
		{314B8998-D739-43EB-BA30-CA7122EA04B1}.Release|ARM.ActiveCfg = Release|ARM
		{314B8998-D739-43EB-BA30-CA7122EA04B1}.Release|ARM.Build.0 = Release|ARM
		{314B8998-D739-43EB-BA30-CA7122EA04B1}.Release|ARM.Deploy.0 = Release|ARM
		{314B8998-D739-43EB-BA30-CA7122EA04B1}.Release|iPhone.ActiveCfg = Release|x86
		{314B8998-D739-43EB-BA30-CA7122EA04B1}.Release|iPhone.Build.0 = Release|x86
		{314B8998-D739-43EB-BA30-CA7122EA04B1}.Release|iPhone.Deploy.0 = Release|x86
		{314B8998-D739-43EB-BA30-CA7122EA04B1}.Release|iPhoneSimulator.ActiveCfg = Release|x86
		{314B8998-D739-43EB-BA30-CA7122EA04B1}.Release|x64.ActiveCfg = Release|x64
		{314B8998-D739-43EB-BA30-CA7122EA04B1}.Release|x64.Build.0 = Release|x64
		{314B8998-D739-43EB-BA30-CA7122EA04B1}.Release|x64.Deploy.0 = Release|x64
		{314B8998-D739-43EB-BA30-CA7122EA04B1}.Release|x86.ActiveCfg = Release|x86
		{314B8998-D739-43EB-BA30-CA7122EA04B1}.Release|x86.Build.0 = Release|x86
		{314B8998-D739-43EB-BA30-CA7122EA04B1}.Release|x86.Deploy.0 = Release|x86
	EndGlobalSection
	GlobalSection(SolutionProperties) = preSolution
		HideSolutionNode = FALSE
	EndGlobalSection
	GlobalSection(NestedProjects) = preSolution
		{98107917-62AD-4EF9-8176-E056758A6C30} = {52CA91A9-047C-41EB-B22B-5BED7A038F47}
		{54687E95-6657-4B2C-8EC0-8E1A63697119} = {52CA91A9-047C-41EB-B22B-5BED7A038F47}
		{D91990DB-3D8B-4CDF-88E5-3E6DFE5E887C} = {52CA91A9-047C-41EB-B22B-5BED7A038F47}
		{314B8998-D739-43EB-BA30-CA7122EA04B1} = {52CA91A9-047C-41EB-B22B-5BED7A038F47}
	EndGlobalSection
	GlobalSection(ExtensibilityGlobals) = postSolution
		SolutionGuid = {6C7F7117-6BDC-4D38-82EE-046A3257A45F}
	EndGlobalSection
EndGlobal
